
Microsoft Visual Studio Solution File, Format Version 12.00
# Visual Studio Version 16
VisualStudioVersion = 16.0.31624.102
MinimumVisualStudioVersion = 10.0.40219.1
Project("{8BC9CEB8-8B4A-11D0-8D11-00A0C91BC942}") = "PavlichenkoAS2305lab0", "PavlichenkoAS2305lab0.vcxproj", "{05C64E06-4B5C-4A27-8DB6-7B67A348FC46}"
EndProject
Global
	GlobalSection(SolutionConfigurationPlatforms) = preSolution
		Debug|x64 = Debug|x64
		Debug|x86 = Debug|x86
		Release|x64 = Release|x64
		Release|x86 = Release|x86
	EndGlobalSection
	GlobalSection(ProjectConfigurationPlatforms) = postSolution
		{05C64E06-4B5C-4A27-8DB6-7B67A348FC46}.Debug|x64.ActiveCfg = Debug|x64
		{05C64E06-4B5C-4A27-8DB6-7B67A348FC46}.Debug|x64.Build.0 = Debug|x64
		{05C64E06-4B5C-4A27-8DB6-7B67A348FC46}.Debug|x86.ActiveCfg = Debug|Win32
		{05C64E06-4B5C-4A27-8DB6-7B67A348FC46}.Debug|x86.Build.0 = Debug|Win32
		{05C64E06-4B5C-4A27-8DB6-7B67A348FC46}.Release|x64.ActiveCfg = Release|x64
		{05C64E06-4B5C-4A27-8DB6-7B67A348FC46}.Release|x64.Build.0 = Release|x64
		{05C64E06-4B5C-4A27-8DB6-7B67A348FC46}.Release|x86.ActiveCfg = Release|Win32
		{05C64E06-4B5C-4A27-8DB6-7B67A348FC46}.Release|x86.Build.0 = Release|Win32
	EndGlobalSection
	GlobalSection(SolutionProperties) = preSolution
		HideSolutionNode = FALSE
	EndGlobalSection
	GlobalSection(ExtensibilityGlobals) = postSolution
		SolutionGuid = {3BCB4DCB-1101-45F2-B640-78650B763A53}
	EndGlobalSection
EndGlobal
